
Microsoft Visual Studio Solution File, Format Version 12.00
# Visual Studio Version 17
VisualStudioVersion = 17.8.34330.188
MinimumVisualStudioVersion = 10.0.40219.1
Project("{9A19103F-16F7-4668-BE54-9A1E7A4F7556}") = "SortAlgorithm", "SortAlgorithm\SortAlgorithm.csproj", "{8ECAC66B-7BD0-44C2-BC76-BFBA694C3425}"
EndProject
Project("{9A19103F-16F7-4668-BE54-9A1E7A4F7556}") = "CommonAlgorithm", "CommonAlgorithms\CommonAlgorithm.csproj", "{0909EB3B-CFB1-4C5D-89BF-EE149AD700C4}"
EndProject
Project("{FAE04EC0-301F-11D3-BF4B-00C04F79EFBC}") = "AlgorithmCase", "CaseAlgorithm\AlgorithmCase.csproj", "{657BDCD8-1573-42FA-A9A1-F64510EF2415}"
EndProject
Global
	GlobalSection(SolutionConfigurationPlatforms) = preSolution
		Debug|Any CPU = Debug|Any CPU
		Release|Any CPU = Release|Any CPU
	EndGlobalSection
	GlobalSection(ProjectConfigurationPlatforms) = postSolution
		{8ECAC66B-7BD0-44C2-BC76-BFBA694C3425}.Debug|Any CPU.ActiveCfg = Debug|Any CPU
		{8ECAC66B-7BD0-44C2-BC76-BFBA694C3425}.Debug|Any CPU.Build.0 = Debug|Any CPU
		{8ECAC66B-7BD0-44C2-BC76-BFBA694C3425}.Release|Any CPU.ActiveCfg = Release|Any CPU
		{8ECAC66B-7BD0-44C2-BC76-BFBA694C3425}.Release|Any CPU.Build.0 = Release|Any CPU
		{0909EB3B-CFB1-4C5D-89BF-EE149AD700C4}.Debug|Any CPU.ActiveCfg = Debug|Any CPU
		{0909EB3B-CFB1-4C5D-89BF-EE149AD700C4}.Debug|Any CPU.Build.0 = Debug|Any CPU
		{0909EB3B-CFB1-4C5D-89BF-EE149AD700C4}.Release|Any CPU.ActiveCfg = Release|Any CPU
		{0909EB3B-CFB1-4C5D-89BF-EE149AD700C4}.Release|Any CPU.Build.0 = Release|Any CPU
		{657BDCD8-1573-42FA-A9A1-F64510EF2415}.Debug|Any CPU.ActiveCfg = Debug|Any CPU
		{657BDCD8-1573-42FA-A9A1-F64510EF2415}.Debug|Any CPU.Build.0 = Debug|Any CPU
		{657BDCD8-1573-42FA-A9A1-F64510EF2415}.Release|Any CPU.ActiveCfg = Release|Any CPU
		{657BDCD8-1573-42FA-A9A1-F64510EF2415}.Release|Any CPU.Build.0 = Release|Any CPU
	EndGlobalSection
	GlobalSection(SolutionProperties) = preSolution
		HideSolutionNode = FALSE
	EndGlobalSection
	GlobalSection(ExtensibilityGlobals) = postSolution
		SolutionGuid = {D06DF38D-24FC-4CC2-B8E1-FB2D13490C57}
	EndGlobalSection
EndGlobal
